
Microsoft Visual Studio Solution File, Format Version 12.00
# Visual Studio Version 17
VisualStudioVersion = 17.4.33110.190
MinimumVisualStudioVersion = 10.0.40219.1
Project("{FAE04EC0-301F-11D3-BF4B-00C04F79EFBC}") = "MathMate.Android", "MathMate\MathMate.Android\MathMate.Android.csproj", "{8281699C-3A59-4019-931D-50AF5CA8634B}"
EndProject
Project("{FAE04EC0-301F-11D3-BF4B-00C04F79EFBC}") = "MathMate", "MathMate\MathMate\MathMate.csproj", "{6087CF56-E35E-4555-923B-43C492BDB1B7}"
EndProject
Global
	GlobalSection(SolutionConfigurationPlatforms) = preSolution
		Debug|Any CPU = Debug|Any CPU
		Release|Any CPU = Release|Any CPU
	EndGlobalSection
	GlobalSection(ProjectConfigurationPlatforms) = postSolution
		{8281699C-3A59-4019-931D-50AF5CA8634B}.Debug|Any CPU.ActiveCfg = Debug|Any CPU
		{8281699C-3A59-4019-931D-50AF5CA8634B}.Debug|Any CPU.Build.0 = Debug|Any CPU
		{8281699C-3A59-4019-931D-50AF5CA8634B}.Debug|Any CPU.Deploy.0 = Debug|Any CPU
		{8281699C-3A59-4019-931D-50AF5CA8634B}.Release|Any CPU.ActiveCfg = Release|Any CPU
		{8281699C-3A59-4019-931D-50AF5CA8634B}.Release|Any CPU.Build.0 = Release|Any CPU
		{8281699C-3A59-4019-931D-50AF5CA8634B}.Release|Any CPU.Deploy.0 = Release|Any CPU
		{6087CF56-E35E-4555-923B-43C492BDB1B7}.Debug|Any CPU.ActiveCfg = Debug|Any CPU
		{6087CF56-E35E-4555-923B-43C492BDB1B7}.Debug|Any CPU.Build.0 = Debug|Any CPU
		{6087CF56-E35E-4555-923B-43C492BDB1B7}.Debug|Any CPU.Deploy.0 = Debug|Any CPU
		{6087CF56-E35E-4555-923B-43C492BDB1B7}.Release|Any CPU.ActiveCfg = Release|Any CPU
		{6087CF56-E35E-4555-923B-43C492BDB1B7}.Release|Any CPU.Build.0 = Release|Any CPU
		{6087CF56-E35E-4555-923B-43C492BDB1B7}.Release|Any CPU.Deploy.0 = Release|Any CPU
	EndGlobalSection
	GlobalSection(SolutionProperties) = preSolution
		HideSolutionNode = FALSE
	EndGlobalSection
	GlobalSection(ExtensibilityGlobals) = postSolution
		SolutionGuid = {6F3FDF85-8E3C-4B49-B83D-7F38F0F24D7F}
	EndGlobalSection
EndGlobal
